// !$*UTF8*$!
{
	archiveVersion = 1;
	classes = {
	};
	objectVersion = 46;
	objects = {

/* Begin PBXBuildFile section */
		BA1EBE981A0A81C50030D5A4 /* usersVC.swift in Sources */ = {isa = PBXBuildFile; fileRef = BA1EBE971A0A81C50030D5A4 /* usersVC.swift */; };
		BA1EBE9A1A0A83C30030D5A4 /* resultsCell.swift in Sources */ = {isa = PBXBuildFile; fileRef = BA1EBE991A0A83C30030D5A4 /* resultsCell.swift */; };
		BA6F690F1BE9F476003295F0 /* libsqlite3.tbd in Frameworks */ = {isa = PBXBuildFile; fileRef = BA6F690E1BE9F476003295F0 /* libsqlite3.tbd */; };
		BA6F69111BE9F482003295F0 /* libz.tbd in Frameworks */ = {isa = PBXBuildFile; fileRef = BA6F69101BE9F482003295F0 /* libz.tbd */; };
		BA6F69141BE9F4C4003295F0 /* Bolts.framework in Frameworks */ = {isa = PBXBuildFile; fileRef = BA6F69121BE9F4C4003295F0 /* Bolts.framework */; };
		BA6F69151BE9F4C4003295F0 /* Parse.framework in Frameworks */ = {isa = PBXBuildFile; fileRef = BA6F69131BE9F4C4003295F0 /* Parse.framework */; };
		BA7A733B1A0BD0E400300580 /* conversationVC.swift in Sources */ = {isa = PBXBuildFile; fileRef = BA7A733A1A0BD0E400300580 /* conversationVC.swift */; };
		BA896ADB1A09132D009F162B /* AppDelegate.swift in Sources */ = {isa = PBXBuildFile; fileRef = BA896ADA1A09132D009F162B /* AppDelegate.swift */; };
		BA896AE01A09132D009F162B /* Main.storyboard in Resources */ = {isa = PBXBuildFile; fileRef = BA896ADE1A09132D009F162B /* Main.storyboard */; };
		BA896AE21A09132D009F162B /* Images.xcassets in Resources */ = {isa = PBXBuildFile; fileRef = BA896AE11A09132D009F162B /* Images.xcassets */; };
		BA896AE51A09132D009F162B /* LaunchScreen.xib in Resources */ = {isa = PBXBuildFile; fileRef = BA896AE31A09132D009F162B /* LaunchScreen.xib */; };
		BA896AF11A09132D009F162B /* ChatAppTests.swift in Sources */ = {isa = PBXBuildFile; fileRef = BA896AF01A09132D009F162B /* ChatAppTests.swift */; };
		BA896AFB1A091403009F162B /* loginVC.swift in Sources */ = {isa = PBXBuildFile; fileRef = BA896AFA1A091403009F162B /* loginVC.swift */; };
		BA896AFD1A09159E009F162B /* singupVC.swift in Sources */ = {isa = PBXBuildFile; fileRef = BA896AFC1A09159E009F162B /* singupVC.swift */; };
		BA896AFF1A091666009F162B /* profileIcon.png in Resources */ = {isa = PBXBuildFile; fileRef = BA896AFE1A091666009F162B /* profileIcon.png */; };
		BA896B051A09215D009F162B /* AudioToolbox.framework in Frameworks */ = {isa = PBXBuildFile; fileRef = BA896B041A09215D009F162B /* AudioToolbox.framework */; };
		BA896B071A092168009F162B /* CFNetwork.framework in Frameworks */ = {isa = PBXBuildFile; fileRef = BA896B061A092168009F162B /* CFNetwork.framework */; };
		BA896B091A092172009F162B /* CoreGraphics.framework in Frameworks */ = {isa = PBXBuildFile; fileRef = BA896B081A092172009F162B /* CoreGraphics.framework */; };
		BA896B0B1A09217B009F162B /* CoreLocation.framework in Frameworks */ = {isa = PBXBuildFile; fileRef = BA896B0A1A09217B009F162B /* CoreLocation.framework */; };
		BA896B0F1A092192009F162B /* MobileCoreServices.framework in Frameworks */ = {isa = PBXBuildFile; fileRef = BA896B0E1A092192009F162B /* MobileCoreServices.framework */; };
		BA896B111A09219B009F162B /* QuartzCore.framework in Frameworks */ = {isa = PBXBuildFile; fileRef = BA896B101A09219B009F162B /* QuartzCore.framework */; };
		BA896B131A0921A3009F162B /* Security.framework in Frameworks */ = {isa = PBXBuildFile; fileRef = BA896B121A0921A3009F162B /* Security.framework */; };
		BA896B151A0921AA009F162B /* StoreKit.framework in Frameworks */ = {isa = PBXBuildFile; fileRef = BA896B141A0921AA009F162B /* StoreKit.framework */; };
		BA896B171A0921B6009F162B /* SystemConfiguration.framework in Frameworks */ = {isa = PBXBuildFile; fileRef = BA896B161A0921B6009F162B /* SystemConfiguration.framework */; };
		BA896B1B1A092362009F162B /* ChatAppHeader.m in Sources */ = {isa = PBXBuildFile; fileRef = BA896B1A1A092362009F162B /* ChatAppHeader.m */; };
		BA9E1BB31B15D7DD0046EE9D /* groupVC.swift in Sources */ = {isa = PBXBuildFile; fileRef = BA9E1BB21B15D7DD0046EE9D /* groupVC.swift */; };
		BA9E1BB51B15D8B00046EE9D /* groupCell.swift in Sources */ = {isa = PBXBuildFile; fileRef = BA9E1BB41B15D8B00046EE9D /* groupCell.swift */; };
		BAA4ADC71B18A34600717A46 /* groupConversationVC.swift in Sources */ = {isa = PBXBuildFile; fileRef = BAA4ADC61B18A34600717A46 /* groupConversationVC.swift */; };
		BAF9EE1F1A82804C000B7617 /* messagesVC.swift in Sources */ = {isa = PBXBuildFile; fileRef = BAF9EE1E1A82804C000B7617 /* messagesVC.swift */; };
		BAF9EE211A82805F000B7617 /* messageCell.swift in Sources */ = {isa = PBXBuildFile; fileRef = BAF9EE201A82805F000B7617 /* messageCell.swift */; };
/* End PBXBuildFile section */

/* Begin PBXContainerItemProxy section */
		BA896AEB1A09132D009F162B /* PBXContainerItemProxy */ = {
			isa = PBXContainerItemProxy;
			containerPortal = BA896ACD1A09132D009F162B /* Project object */;
			proxyType = 1;
			remoteGlobalIDString = BA896AD41A09132D009F162B;
			remoteInfo = ChatApp;
		};
/* End PBXContainerItemProxy section */

/* Begin PBXFileReference section */
		BA1EBE971A0A81C50030D5A4 /* usersVC.swift */ = {isa = PBXFileReference; fileEncoding = 4; lastKnownFileType = sourcecode.swift; path = usersVC.swift; sourceTree = "<group>"; };
		BA1EBE991A0A83C30030D5A4 /* resultsCell.swift */ = {isa = PBXFileReference; fileEncoding = 4; lastKnownFileType = sourcecode.swift; path = resultsCell.swift; sourceTree = "<group>"; };
		BA6F690E1BE9F476003295F0 /* libsqlite3.tbd */ = {isa = PBXFileReference; lastKnownFileType = "sourcecode.text-based-dylib-definition"; name = libsqlite3.tbd; path = usr/lib/libsqlite3.tbd; sourceTree = SDKROOT; };
		BA6F69101BE9F482003295F0 /* libz.tbd */ = {isa = PBXFileReference; lastKnownFileType = "sourcecode.text-based-dylib-definition"; name = libz.tbd; path = usr/lib/libz.tbd; sourceTree = SDKROOT; };
		BA6F69121BE9F4C4003295F0 /* Bolts.framework */ = {isa = PBXFileReference; lastKnownFileType = wrapper.framework; path = Bolts.framework; sourceTree = "<group>"; };
		BA6F69131BE9F4C4003295F0 /* Parse.framework */ = {isa = PBXFileReference; lastKnownFileType = wrapper.framework; path = Parse.framework; sourceTree = "<group>"; };
		BA7A733A1A0BD0E400300580 /* conversationVC.swift */ = {isa = PBXFileReference; fileEncoding = 4; lastKnownFileType = sourcecode.swift; path = conversationVC.swift; sourceTree = "<group>"; };
		BA896AD51A09132D009F162B /* ChatApp.app */ = {isa = PBXFileReference; explicitFileType = wrapper.application; includeInIndex = 0; path = ChatApp.app; sourceTree = BUILT_PRODUCTS_DIR; };
		BA896AD91A09132D009F162B /* Info.plist */ = {isa = PBXFileReference; lastKnownFileType = text.plist.xml; path = Info.plist; sourceTree = "<group>"; };
		BA896ADA1A09132D009F162B /* AppDelegate.swift */ = {isa = PBXFileReference; lastKnownFileType = sourcecode.swift; path = AppDelegate.swift; sourceTree = "<group>"; };
		BA896ADF1A09132D009F162B /* Base */ = {isa = PBXFileReference; lastKnownFileType = file.storyboard; name = Base; path = Base.lproj/Main.storyboard; sourceTree = "<group>"; };
		BA896AE11A09132D009F162B /* Images.xcassets */ = {isa = PBXFileReference; lastKnownFileType = folder.assetcatalog; path = Images.xcassets; sourceTree = "<group>"; };
		BA896AE41A09132D009F162B /* Base */ = {isa = PBXFileReference; lastKnownFileType = file.xib; name = Base; path = Base.lproj/LaunchScreen.xib; sourceTree = "<group>"; };
		BA896AEA1A09132D009F162B /* ChatAppTests.xctest */ = {isa = PBXFileReference; explicitFileType = wrapper.cfbundle; includeInIndex = 0; path = ChatAppTests.xctest; sourceTree = BUILT_PRODUCTS_DIR; };
		BA896AEF1A09132D009F162B /* Info.plist */ = {isa = PBXFileReference; lastKnownFileType = text.plist.xml; path = Info.plist; sourceTree = "<group>"; };
		BA896AF01A09132D009F162B /* ChatAppTests.swift */ = {isa = PBXFileReference; lastKnownFileType = sourcecode.swift; path = ChatAppTests.swift; sourceTree = "<group>"; };
		BA896AFA1A091403009F162B /* loginVC.swift */ = {isa = PBXFileReference; fileEncoding = 4; lastKnownFileType = sourcecode.swift; name = loginVC.swift; path = ../loginVC.swift; sourceTree = "<group>"; };
		BA896AFC1A09159E009F162B /* singupVC.swift */ = {isa = PBXFileReference; fileEncoding = 4; lastKnownFileType = sourcecode.swift; path = singupVC.swift; sourceTree = "<group>"; };
		BA896AFE1A091666009F162B /* profileIcon.png */ = {isa = PBXFileReference; lastKnownFileType = image.png; path = profileIcon.png; sourceTree = "<group>"; };
		BA896B041A09215D009F162B /* AudioToolbox.framework */ = {isa = PBXFileReference; lastKnownFileType = wrapper.framework; name = AudioToolbox.framework; path = System/Library/Frameworks/AudioToolbox.framework; sourceTree = SDKROOT; };
		BA896B061A092168009F162B /* CFNetwork.framework */ = {isa = PBXFileReference; lastKnownFileType = wrapper.framework; name = CFNetwork.framework; path = System/Library/Frameworks/CFNetwork.framework; sourceTree = SDKROOT; };
		BA896B081A092172009F162B /* CoreGraphics.framework */ = {isa = PBXFileReference; lastKnownFileType = wrapper.framework; name = CoreGraphics.framework; path = System/Library/Frameworks/CoreGraphics.framework; sourceTree = SDKROOT; };
		BA896B0A1A09217B009F162B /* CoreLocation.framework */ = {isa = PBXFileReference; lastKnownFileType = wrapper.framework; name = CoreLocation.framework; path = System/Library/Frameworks/CoreLocation.framework; sourceTree = SDKROOT; };
		BA896B0E1A092192009F162B /* MobileCoreServices.framework */ = {isa = PBXFileReference; lastKnownFileType = wrapper.framework; name = MobileCoreServices.framework; path = System/Library/Frameworks/MobileCoreServices.framework; sourceTree = SDKROOT; };
		BA896B101A09219B009F162B /* QuartzCore.framework */ = {isa = PBXFileReference; lastKnownFileType = wrapper.framework; name = QuartzCore.framework; path = System/Library/Frameworks/QuartzCore.framework; sourceTree = SDKROOT; };
		BA896B121A0921A3009F162B /* Security.framework */ = {isa = PBXFileReference; lastKnownFileType = wrapper.framework; name = Security.framework; path = System/Library/Frameworks/Security.framework; sourceTree = SDKROOT; };
		BA896B141A0921AA009F162B /* StoreKit.framework */ = {isa = PBXFileReference; lastKnownFileType = wrapper.framework; name = StoreKit.framework; path = System/Library/Frameworks/StoreKit.framework; sourceTree = SDKROOT; };
		BA896B161A0921B6009F162B /* SystemConfiguration.framework */ = {isa = PBXFileReference; lastKnownFileType = wrapper.framework; name = SystemConfiguration.framework; path = System/Library/Frameworks/SystemConfiguration.framework; sourceTree = SDKROOT; };
		BA896B191A092361009F162B /* ChatApp-Bridging-Header.h */ = {isa = PBXFileReference; lastKnownFileType = sourcecode.c.h; path = "ChatApp-Bridging-Header.h"; sourceTree = "<group>"; };
		BA896B1A1A092362009F162B /* ChatAppHeader.m */ = {isa = PBXFileReference; fileEncoding = 4; lastKnownFileType = sourcecode.c.objc; path = ChatAppHeader.m; sourceTree = "<group>"; };
		BA9E1BB21B15D7DD0046EE9D /* groupVC.swift */ = {isa = PBXFileReference; fileEncoding = 4; lastKnownFileType = sourcecode.swift; path = groupVC.swift; sourceTree = "<group>"; };
		BA9E1BB41B15D8B00046EE9D /* groupCell.swift */ = {isa = PBXFileReference; fileEncoding = 4; lastKnownFileType = sourcecode.swift; path = groupCell.swift; sourceTree = "<group>"; };
		BAA4ADC61B18A34600717A46 /* groupConversationVC.swift */ = {isa = PBXFileReference; fileEncoding = 4; lastKnownFileType = sourcecode.swift; path = groupConversationVC.swift; sourceTree = "<group>"; };
		BAF9EE1E1A82804C000B7617 /* messagesVC.swift */ = {isa = PBXFileReference; fileEncoding = 4; lastKnownFileType = sourcecode.swift; path = messagesVC.swift; sourceTree = "<group>"; };
		BAF9EE201A82805F000B7617 /* messageCell.swift */ = {isa = PBXFileReference; fileEncoding = 4; lastKnownFileType = sourcecode.swift; path = messageCell.swift; sourceTree = "<group>"; };
/* End PBXFileReference section */

/* Begin PBXFrameworksBuildPhase section */
		BA896AD21A09132D009F162B /* Frameworks */ = {
			isa = PBXFrameworksBuildPhase;
			buildActionMask = 2147483647;
			files = (
				BA6F69111BE9F482003295F0 /* libz.tbd in Frameworks */,
				BA6F690F1BE9F476003295F0 /* libsqlite3.tbd in Frameworks */,
				BA896B171A0921B6009F162B /* SystemConfiguration.framework in Frameworks */,
				BA6F69141BE9F4C4003295F0 /* Bolts.framework in Frameworks */,
				BA896B151A0921AA009F162B /* StoreKit.framework in Frameworks */,
				BA896B131A0921A3009F162B /* Security.framework in Frameworks */,
				BA6F69151BE9F4C4003295F0 /* Parse.framework in Frameworks */,
				BA896B111A09219B009F162B /* QuartzCore.framework in Frameworks */,
				BA896B0F1A092192009F162B /* MobileCoreServices.framework in Frameworks */,
				BA896B0B1A09217B009F162B /* CoreLocation.framework in Frameworks */,
				BA896B091A092172009F162B /* CoreGraphics.framework in Frameworks */,
				BA896B071A092168009F162B /* CFNetwork.framework in Frameworks */,
				BA896B051A09215D009F162B /* AudioToolbox.framework in Frameworks */,
			);
			runOnlyForDeploymentPostprocessing = 0;
		};
		BA896AE71A09132D009F162B /* Frameworks */ = {
			isa = PBXFrameworksBuildPhase;
			buildActionMask = 2147483647;
			files = (
			);
			runOnlyForDeploymentPostprocessing = 0;
		};
/* End PBXFrameworksBuildPhase section */

/* Begin PBXGroup section */
		BA896ACC1A09132D009F162B = {
			isa = PBXGroup;
			children = (
				BA896B181A0921BF009F162B /* Frameworks */,
				BA896AD71A09132D009F162B /* ChatApp */,
				BA896AED1A09132D009F162B /* ChatAppTests */,
				BA896AD61A09132D009F162B /* Products */,
			);
			sourceTree = "<group>";
		};
		BA896AD61A09132D009F162B /* Products */ = {
			isa = PBXGroup;
			children = (
				BA896AD51A09132D009F162B /* ChatApp.app */,
				BA896AEA1A09132D009F162B /* ChatAppTests.xctest */,
			);
			name = Products;
			sourceTree = "<group>";
		};
		BA896AD71A09132D009F162B /* ChatApp */ = {
			isa = PBXGroup;
			children = (
				BAA4ADC61B18A34600717A46 /* groupConversationVC.swift */,
				BA9E1BB41B15D8B00046EE9D /* groupCell.swift */,
				BA9E1BB21B15D7DD0046EE9D /* groupVC.swift */,
				BAF9EE201A82805F000B7617 /* messageCell.swift */,
				BAF9EE1E1A82804C000B7617 /* messagesVC.swift */,
				BA7A733A1A0BD0E400300580 /* conversationVC.swift */,
				BA1EBE991A0A83C30030D5A4 /* resultsCell.swift */,
				BA1EBE971A0A81C50030D5A4 /* usersVC.swift */,
				BA896ADA1A09132D009F162B /* AppDelegate.swift */,
				BA896AFA1A091403009F162B /* loginVC.swift */,
				BA896AFC1A09159E009F162B /* singupVC.swift */,
				BA896AE11A09132D009F162B /* Images.xcassets */,
				BA896ADE1A09132D009F162B /* Main.storyboard */,
				BA896AE31A09132D009F162B /* LaunchScreen.xib */,
				BA896AD81A09132D009F162B /* Supporting Files */,
				BA896B1A1A092362009F162B /* ChatAppHeader.m */,
				BA896B191A092361009F162B /* ChatApp-Bridging-Header.h */,
			);
			path = ChatApp;
			sourceTree = "<group>";
		};
		BA896AD81A09132D009F162B /* Supporting Files */ = {
			isa = PBXGroup;
			children = (
				BA896AFE1A091666009F162B /* profileIcon.png */,
				BA896AD91A09132D009F162B /* Info.plist */,
			);
			name = "Supporting Files";
			sourceTree = "<group>";
		};
		BA896AED1A09132D009F162B /* ChatAppTests */ = {
			isa = PBXGroup;
			children = (
				BA896AF01A09132D009F162B /* ChatAppTests.swift */,
				BA896AEE1A09132D009F162B /* Supporting Files */,
			);
			path = ChatAppTests;
			sourceTree = "<group>";
		};
		BA896AEE1A09132D009F162B /* Supporting Files */ = {
			isa = PBXGroup;
			children = (
				BA896AEF1A09132D009F162B /* Info.plist */,
			);
			name = "Supporting Files";
			sourceTree = "<group>";
		};
		BA896B181A0921BF009F162B /* Frameworks */ = {
			isa = PBXGroup;
			children = (
				BA6F69121BE9F4C4003295F0 /* Bolts.framework */,
				BA6F69131BE9F4C4003295F0 /* Parse.framework */,
				BA6F69101BE9F482003295F0 /* libz.tbd */,
				BA6F690E1BE9F476003295F0 /* libsqlite3.tbd */,
				BA896B161A0921B6009F162B /* SystemConfiguration.framework */,
				BA896B141A0921AA009F162B /* StoreKit.framework */,
				BA896B121A0921A3009F162B /* Security.framework */,
				BA896B101A09219B009F162B /* QuartzCore.framework */,
				BA896B0E1A092192009F162B /* MobileCoreServices.framework */,
				BA896B0A1A09217B009F162B /* CoreLocation.framework */,
				BA896B081A092172009F162B /* CoreGraphics.framework */,
				BA896B061A092168009F162B /* CFNetwork.framework */,
				BA896B041A09215D009F162B /* AudioToolbox.framework */,
			);
			name = Frameworks;
			sourceTree = "<group>";
		};
/* End PBXGroup section */

/* Begin PBXNativeTarget section */
		BA896AD41A09132D009F162B /* ChatApp */ = {
			isa = PBXNativeTarget;
			buildConfigurationList = BA896AF41A09132D009F162B /* Build configuration list for PBXNativeTarget "ChatApp" */;
			buildPhases = (
				BA896AD11A09132D009F162B /* Sources */,
				BA896AD21A09132D009F162B /* Frameworks */,
				BA896AD31A09132D009F162B /* Resources */,
			);
			buildRules = (
			);
			dependencies = (
			);
			name = ChatApp;
			productName = ChatApp;
			productReference = BA896AD51A09132D009F162B /* ChatApp.app */;
			productType = "com.apple.product-type.application";
		};
		BA896AE91A09132D009F162B /* ChatAppTests */ = {
			isa = PBXNativeTarget;
			buildConfigurationList = BA896AF71A09132D009F162B /* Build configuration list for PBXNativeTarget "ChatAppTests" */;
			buildPhases = (
				BA896AE61A09132D009F162B /* Sources */,
				BA896AE71A09132D009F162B /* Frameworks */,
				BA896AE81A09132D009F162B /* Resources */,
			);
			buildRules = (
			);
			dependencies = (
				BA896AEC1A09132D009F162B /* PBXTargetDependency */,
			);
			name = ChatAppTests;
			productName = ChatAppTests;
			productReference = BA896AEA1A09132D009F162B /* ChatAppTests.xctest */;
			productType = "com.apple.product-type.bundle.unit-test";
		};
/* End PBXNativeTarget section */

/* Begin PBXProject section */
		BA896ACD1A09132D009F162B /* Project object */ = {
			isa = PBXProject;
			attributes = {
				LastSwiftUpdateCheck = 0700;
				LastUpgradeCheck = 0700;
				ORGANIZATIONNAME = "Valsamis Elmaliotis";
				TargetAttributes = {
					BA896AD41A09132D009F162B = {
						CreatedOnToolsVersion = 6.1;
						DevelopmentTeam = 8ND6EA4WY3;
					};
					BA896AE91A09132D009F162B = {
						CreatedOnToolsVersion = 6.1;
						TestTargetID = BA896AD41A09132D009F162B;
					};
				};
			};
			buildConfigurationList = BA896AD01A09132D009F162B /* Build configuration list for PBXProject "chatapp" */;
			compatibilityVersion = "Xcode 3.2";
			developmentRegion = English;
			hasScannedForEncodings = 0;
			knownRegions = (
				en,
				Base,
			);
			mainGroup = BA896ACC1A09132D009F162B;
			productRefGroup = BA896AD61A09132D009F162B /* Products */;
			projectDirPath = "";
			projectRoot = "";
			targets = (
				BA896AD41A09132D009F162B /* ChatApp */,
				BA896AE91A09132D009F162B /* ChatAppTests */,
			);
		};
/* End PBXProject section */

/* Begin PBXResourcesBuildPhase section */
		BA896AD31A09132D009F162B /* Resources */ = {
			isa = PBXResourcesBuildPhase;
			buildActionMask = 2147483647;
			files = (
				BA896AFF1A091666009F162B /* profileIcon.png in Resources */,
				BA896AE01A09132D009F162B /* Main.storyboard in Resources */,
				BA896AE51A09132D009F162B /* LaunchScreen.xib in Resources */,
				BA896AE21A09132D009F162B /* Images.xcassets in Resources */,
			);
			runOnlyForDeploymentPostprocessing = 0;
		};
		BA896AE81A09132D009F162B /* Resources */ = {
			isa = PBXResourcesBuildPhase;
			buildActionMask = 2147483647;
			files = (
			);
			runOnlyForDeploymentPostprocessing = 0;
		};
/* End PBXResourcesBuildPhase section */

/* Begin PBXSourcesBuildPhase section */
		BA896AD11A09132D009F162B /* Sources */ = {
			isa = PBXSourcesBuildPhase;
			buildActionMask = 2147483647;
			files = (
				BA1EBE9A1A0A83C30030D5A4 /* resultsCell.swift in Sources */,
				BA896B1B1A092362009F162B /* ChatAppHeader.m in Sources */,
				BA7A733B1A0BD0E400300580 /* conversationVC.swift in Sources */,
				BA1EBE981A0A81C50030D5A4 /* usersVC.swift in Sources */,
				BA9E1BB31B15D7DD0046EE9D /* groupVC.swift in Sources */,
				BAF9EE1F1A82804C000B7617 /* messagesVC.swift in Sources */,
				BA896AFB1A091403009F162B /* loginVC.swift in Sources */,
				BAF9EE211A82805F000B7617 /* messageCell.swift in Sources */,
				BA896ADB1A09132D009F162B /* AppDelegate.swift in Sources */,
				BAA4ADC71B18A34600717A46 /* groupConversationVC.swift in Sources */,
				BA896AFD1A09159E009F162B /* singupVC.swift in Sources */,
				BA9E1BB51B15D8B00046EE9D /* groupCell.swift in Sources */,
			);
			runOnlyForDeploymentPostprocessing = 0;
		};
		BA896AE61A09132D009F162B /* Sources */ = {
			isa = PBXSourcesBuildPhase;
			buildActionMask = 2147483647;
			files = (
				BA896AF11A09132D009F162B /* ChatAppTests.swift in Sources */,
			);
			runOnlyForDeploymentPostprocessing = 0;
		};
/* End PBXSourcesBuildPhase section */

/* Begin PBXTargetDependency section */
		BA896AEC1A09132D009F162B /* PBXTargetDependency */ = {
			isa = PBXTargetDependency;
			target = BA896AD41A09132D009F162B /* ChatApp */;
			targetProxy = BA896AEB1A09132D009F162B /* PBXContainerItemProxy */;
		};
/* End PBXTargetDependency section */

/* Begin PBXVariantGroup section */
		BA896ADE1A09132D009F162B /* Main.storyboard */ = {
			isa = PBXVariantGroup;
			children = (
				BA896ADF1A09132D009F162B /* Base */,
			);
			name = Main.storyboard;
			sourceTree = "<group>";
		};
		BA896AE31A09132D009F162B /* LaunchScreen.xib */ = {
			isa = PBXVariantGroup;
			children = (
				BA896AE41A09132D009F162B /* Base */,
			);
			name = LaunchScreen.xib;
			sourceTree = "<group>";
		};
/* End PBXVariantGroup section */

/* Begin XCBuildConfiguration section */
		BA896AF21A09132D009F162B /* Debug */ = {
			isa = XCBuildConfiguration;
			buildSettings = {
				ALWAYS_SEARCH_USER_PATHS = NO;
				CLANG_CXX_LANGUAGE_STANDARD = "gnu++0x";
				CLANG_CXX_LIBRARY = "libc++";
				CLANG_ENABLE_MODULES = YES;
				CLANG_ENABLE_OBJC_ARC = YES;
				CLANG_WARN_BOOL_CONVERSION = YES;
				CLANG_WARN_CONSTANT_CONVERSION = YES;
				CLANG_WARN_DIRECT_OBJC_ISA_USAGE = YES_ERROR;
				CLANG_WARN_EMPTY_BODY = YES;
				CLANG_WARN_ENUM_CONVERSION = YES;
				CLANG_WARN_INT_CONVERSION = YES;
				CLANG_WARN_OBJC_ROOT_CLASS = YES_ERROR;
				CLANG_WARN_UNREACHABLE_CODE = YES;
				CLANG_WARN__DUPLICATE_METHOD_MATCH = YES;
				CODE_SIGN_IDENTITY = "";
				"CODE_SIGN_IDENTITY[sdk=iphoneos*]" = "";
				COPY_PHASE_STRIP = NO;
				ENABLE_STRICT_OBJC_MSGSEND = YES;
				ENABLE_TESTABILITY = YES;
				GCC_C_LANGUAGE_STANDARD = gnu99;
				GCC_DYNAMIC_NO_PIC = NO;
				GCC_OPTIMIZATION_LEVEL = 0;
				GCC_PREPROCESSOR_DEFINITIONS = (
					"DEBUG=1",
					"$(inherited)",
				);
				GCC_SYMBOLS_PRIVATE_EXTERN = NO;
				GCC_WARN_64_TO_32_BIT_CONVERSION = YES;
				GCC_WARN_ABOUT_RETURN_TYPE = YES_ERROR;
				GCC_WARN_UNDECLARED_SELECTOR = YES;
				GCC_WARN_UNINITIALIZED_AUTOS = YES_AGGRESSIVE;
				GCC_WARN_UNUSED_FUNCTION = YES;
				GCC_WARN_UNUSED_VARIABLE = YES;
				IPHONEOS_DEPLOYMENT_TARGET = 8.0;
				MTL_ENABLE_DEBUG_INFO = YES;
				ONLY_ACTIVE_ARCH = YES;
				PROVISIONING_PROFILE = "";
				SDKROOT = iphoneos;
				SWIFT_OPTIMIZATION_LEVEL = "-Onone";
			};
			name = Debug;
		};
		BA896AF31A09132D009F162B /* Release */ = {
			isa = XCBuildConfiguration;
			buildSettings = {
				ALWAYS_SEARCH_USER_PATHS = NO;
				CLANG_CXX_LANGUAGE_STANDARD = "gnu++0x";
				CLANG_CXX_LIBRARY = "libc++";
				CLANG_ENABLE_MODULES = YES;
				CLANG_ENABLE_OBJC_ARC = YES;
				CLANG_WARN_BOOL_CONVERSION = YES;
				CLANG_WARN_CONSTANT_CONVERSION = YES;
				CLANG_WARN_DIRECT_OBJC_ISA_USAGE = YES_ERROR;
				CLANG_WARN_EMPTY_BODY = YES;
				CLANG_WARN_ENUM_CONVERSION = YES;
				CLANG_WARN_INT_CONVERSION = YES;
				CLANG_WARN_OBJC_ROOT_CLASS = YES_ERROR;
				CLANG_WARN_UNREACHABLE_CODE = YES;
				CLANG_WARN__DUPLICATE_METHOD_MATCH = YES;
				CODE_SIGN_IDENTITY = "";
				"CODE_SIGN_IDENTITY[sdk=iphoneos*]" = "";
				COPY_PHASE_STRIP = YES;
				ENABLE_NS_ASSERTIONS = NO;
				ENABLE_STRICT_OBJC_MSGSEND = YES;
				GCC_C_LANGUAGE_STANDARD = gnu99;
				GCC_WARN_64_TO_32_BIT_CONVERSION = YES;
				GCC_WARN_ABOUT_RETURN_TYPE = YES_ERROR;
				GCC_WARN_UNDECLARED_SELECTOR = YES;
				GCC_WARN_UNINITIALIZED_AUTOS = YES_AGGRESSIVE;
				GCC_WARN_UNUSED_FUNCTION = YES;
				GCC_WARN_UNUSED_VARIABLE = YES;
				IPHONEOS_DEPLOYMENT_TARGET = 8.0;
				MTL_ENABLE_DEBUG_INFO = NO;
				PROVISIONING_PROFILE = "";
				SDKROOT = iphoneos;
				VALIDATE_PRODUCT = YES;
			};
			name = Release;
		};
		BA896AF51A09132D009F162B /* Debug */ = {
			isa = XCBuildConfiguration;
			buildSettings = {
				ASSETCATALOG_COMPILER_APPICON_NAME = AppIcon;
				CLANG_ENABLE_MODULES = YES;
				CODE_SIGN_IDENTITY = "";
				"CODE_SIGN_IDENTITY[sdk=iphoneos*]" = "";
				FRAMEWORK_SEARCH_PATHS = (
					"$(inherited)",
					"$(PROJECT_DIR)",
				);
				INFOPLIST_FILE = ChatApp/Info.plist;
				IPHONEOS_DEPLOYMENT_TARGET = 8.0;
				LD_RUNPATH_SEARCH_PATHS = "$(inherited) @executable_path/Frameworks";
				PRODUCT_BUNDLE_IDENTIFIER = com.ViEL.ChatApp;
				PRODUCT_NAME = "$(TARGET_NAME)";
				PROVISIONING_PROFILE = "";
				SWIFT_OBJC_BRIDGING_HEADER = "ChatApp/ChatApp-Bridging-Header.h";
				SWIFT_OPTIMIZATION_LEVEL = "-Onone";
			};
			name = Debug;
		};
		BA896AF61A09132D009F162B /* Release */ = {
			isa = XCBuildConfiguration;
			buildSettings = {
				ASSETCATALOG_COMPILER_APPICON_NAME = AppIcon;
				CLANG_ENABLE_MODULES = YES;
				CODE_SIGN_IDENTITY = "";
				"CODE_SIGN_IDENTITY[sdk=iphoneos*]" = "";
				FRAMEWORK_SEARCH_PATHS = (
					"$(inherited)",
					"$(PROJECT_DIR)",
				);
				INFOPLIST_FILE = ChatApp/Info.plist;
				IPHONEOS_DEPLOYMENT_TARGET = 8.0;
				LD_RUNPATH_SEARCH_PATHS = "$(inherited) @executable_path/Frameworks";
				PRODUCT_BUNDLE_IDENTIFIER = com.ViEL.ChatApp;
				PRODUCT_NAME = "$(TARGET_NAME)";
				PROVISIONING_PROFILE = "";
				SWIFT_OBJC_BRIDGING_HEADER = "ChatApp/ChatApp-Bridging-Header.h";
			};
			name = Release;
		};
		BA896AF81A09132D009F162B /* Debug */ = {
			isa = XCBuildConfiguration;
			buildSettings = {
				BUNDLE_LOADER = "$(TEST_HOST)";
				FRAMEWORK_SEARCH_PATHS = (
					"$(SDKROOT)/Developer/Library/Frameworks",
					"$(inherited)",
				);
				GCC_PREPROCESSOR_DEFINITIONS = (
					"DEBUG=1",
					"$(inherited)",
				);
				INFOPLIST_FILE = ChatAppTests/Info.plist;
				LD_RUNPATH_SEARCH_PATHS = "$(inherited) @executable_path/Frameworks @loader_path/Frameworks";
				PRODUCT_BUNDLE_IDENTIFIER = "com.ViEL.$(PRODUCT_NAME:rfc1034identifier)";
				PRODUCT_NAME = "$(TARGET_NAME)";
				PROVISIONING_PROFILE = "";
				TEST_HOST = "$(BUILT_PRODUCTS_DIR)/ChatApp.app/ChatApp";
			};
			name = Debug;
		};
		BA896AF91A09132D009F162B /* Release */ = {
			isa = XCBuildConfiguration;
			buildSettings = {
				BUNDLE_LOADER = "$(TEST_HOST)";
				FRAMEWORK_SEARCH_PATHS = (
					"$(SDKROOT)/Developer/Library/Frameworks",
					"$(inherited)",
				);
				INFOPLIST_FILE = ChatAppTests/Info.plist;
				LD_RUNPATH_SEARCH_PATHS = "$(inherited) @executable_path/Frameworks @loader_path/Frameworks";
				PRODUCT_BUNDLE_IDENTIFIER = "com.ViEL.$(PRODUCT_NAME:rfc1034identifier)";
				PRODUCT_NAME = "$(TARGET_NAME)";
				PROVISIONING_PROFILE = "";
				TEST_HOST = "$(BUILT_PRODUCTS_DIR)/ChatApp.app/ChatApp";
			};
			name = Release;
		};
/* End XCBuildConfiguration section */

/* Begin XCConfigurationList section */
		BA896AD01A09132D009F162B /* Build configuration list for PBXProject "chatapp" */ = {
			isa = XCConfigurationList;
			buildConfigurations = (
				BA896AF21A09132D009F162B /* Debug */,
				BA896AF31A09132D009F162B /* Release */,
			);
			defaultConfigurationIsVisible = 0;
			defaultConfigurationName = Release;
		};
		BA896AF41A09132D009F162B /* Build configuration list for PBXNativeTarget "ChatApp" */ = {
			isa = XCConfigurationList;
			buildConfigurations = (
				BA896AF51A09132D009F162B /* Debug */,
				BA896AF61A09132D009F162B /* Release */,
			);
			defaultConfigurationIsVisible = 0;
			defaultConfigurationName = Release;
		};
		BA896AF71A09132D009F162B /* Build configuration list for PBXNativeTarget "ChatAppTests" */ = {
			isa = XCConfigurationList;
			buildConfigurations = (
				BA896AF81A09132D009F162B /* Debug */,
				BA896AF91A09132D009F162B /* Release */,
			);
			defaultConfigurationIsVisible = 0;
			defaultConfigurationName = Release;
		};
/* End XCConfigurationList section */
	};
	rootObject = BA896ACD1A09132D009F162B /* Project object */;
}
